// !$*UTF8*$!
{
	archiveVersion = 1;
	classes = {
	};
	objectVersion = 46;
	objects = {

/* Begin PBXBuildFile section */
		0AC0CE191C81AEEF00305ACF /* AppDelegate.swift in Sources */ = {isa = PBXBuildFile; fileRef = 0AC0CE141C81AEEF00305ACF /* AppDelegate.swift */; };
		0AC0CE1A1C81AEEF00305ACF /* EventMonitor.swift in Sources */ = {isa = PBXBuildFile; fileRef = 0AC0CE151C81AEEF00305ACF /* EventMonitor.swift */; };
		0AC0CE1C1C81AEEF00305ACF /* TranslateViewController.swift in Sources */ = {isa = PBXBuildFile; fileRef = 0AC0CE171C81AEEF00305ACF /* TranslateViewController.swift */; };
		0AC0CE1D1C81AEEF00305ACF /* TranslateViewController.xib in Resources */ = {isa = PBXBuildFile; fileRef = 0AC0CE181C81AEEF00305ACF /* TranslateViewController.xib */; };
		0AC0CE1F1C81AEF700305ACF /* Images.xcassets in Resources */ = {isa = PBXBuildFile; fileRef = 0AC0CE1E1C81AEF700305ACF /* Images.xcassets */; };
		0AC0CE271C81B02B00305ACF /* WebKit.framework in Frameworks */ = {isa = PBXBuildFile; fileRef = 0AC0CE261C81B02B00305ACF /* WebKit.framework */; };
		E7DE0D3B2344A24C00A9CBAD /* MainMenu.xib in Resources */ = {isa = PBXBuildFile; fileRef = E7DE0D3A2344A24C00A9CBAD /* MainMenu.xib */; };
/* End PBXBuildFile section */

/* Begin PBXFileReference section */
		0AC0CE141C81AEEF00305ACF /* AppDelegate.swift */ = {isa = PBXFileReference; fileEncoding = 4; lastKnownFileType = sourcecode.swift; name = AppDelegate.swift; path = "Translate Menu/AppDelegate.swift"; sourceTree = SOURCE_ROOT; };
		0AC0CE151C81AEEF00305ACF /* EventMonitor.swift */ = {isa = PBXFileReference; fileEncoding = 4; lastKnownFileType = sourcecode.swift; name = EventMonitor.swift; path = "Translate Menu/EventMonitor.swift"; sourceTree = SOURCE_ROOT; };
		0AC0CE171C81AEEF00305ACF /* TranslateViewController.swift */ = {isa = PBXFileReference; fileEncoding = 4; lastKnownFileType = sourcecode.swift; name = TranslateViewController.swift; path = "Translate Menu/TranslateViewController.swift"; sourceTree = SOURCE_ROOT; };
		0AC0CE181C81AEEF00305ACF /* TranslateViewController.xib */ = {isa = PBXFileReference; fileEncoding = 4; lastKnownFileType = file.xib; name = TranslateViewController.xib; path = "Translate Menu/TranslateViewController.xib"; sourceTree = SOURCE_ROOT; };
		0AC0CE1E1C81AEF700305ACF /* Images.xcassets */ = {isa = PBXFileReference; lastKnownFileType = folder.assetcatalog; name = Images.xcassets; path = "Translate Menu/Images.xcassets"; sourceTree = SOURCE_ROOT; };
		0AC0CE261C81B02B00305ACF /* WebKit.framework */ = {isa = PBXFileReference; lastKnownFileType = wrapper.framework; name = WebKit.framework; path = System/Library/Frameworks/WebKit.framework; sourceTree = SDKROOT; };
		78A6BBCB1ADCB5EE00554D13 /* Translate Menu.app */ = {isa = PBXFileReference; explicitFileType = wrapper.application; includeInIndex = 0; path = "Translate Menu.app"; sourceTree = BUILT_PRODUCTS_DIR; };
		E7DE0D382344A22D00A9CBAD /* Info.plist */ = {isa = PBXFileReference; lastKnownFileType = text.plist; name = Info.plist; path = "Translate Menu/Info.plist"; sourceTree = SOURCE_ROOT; };
		E7DE0D3A2344A24C00A9CBAD /* MainMenu.xib */ = {isa = PBXFileReference; fileEncoding = 4; lastKnownFileType = file.xib; name = MainMenu.xib; path = "Translate Menu/MainMenu.xib"; sourceTree = SOURCE_ROOT; };
/* End PBXFileReference section */

/* Begin PBXFrameworksBuildPhase section */
		78A6BBC81ADCB5EE00554D13 /* Frameworks */ = {
			isa = PBXFrameworksBuildPhase;
			buildActionMask = 2147483647;
			files = (
				0AC0CE271C81B02B00305ACF /* WebKit.framework in Frameworks */,
			);
			runOnlyForDeploymentPostprocessing = 0;
		};
/* End PBXFrameworksBuildPhase section */

/* Begin PBXGroup section */
		78A6BBC21ADCB5EE00554D13 = {
			isa = PBXGroup;
			children = (
				0AC0CE261C81B02B00305ACF /* WebKit.framework */,
				78A6BBCD1ADCB5EE00554D13 /* Translate Menu */,
				78A6BBCC1ADCB5EE00554D13 /* Products */,
			);
			sourceTree = "<group>";
		};
		78A6BBCC1ADCB5EE00554D13 /* Products */ = {
			isa = PBXGroup;
			children = (
				78A6BBCB1ADCB5EE00554D13 /* Translate Menu.app */,
			);
			name = Products;
			sourceTree = "<group>";
		};
		78A6BBCD1ADCB5EE00554D13 /* Translate Menu */ = {
			isa = PBXGroup;
			children = (
				0AC0CE141C81AEEF00305ACF /* AppDelegate.swift */,
				0AC0CE151C81AEEF00305ACF /* EventMonitor.swift */,
				0AC0CE171C81AEEF00305ACF /* TranslateViewController.swift */,
				0AC0CE181C81AEEF00305ACF /* TranslateViewController.xib */,
				E7DE0D3A2344A24C00A9CBAD /* MainMenu.xib */,
				0AC0CE1E1C81AEF700305ACF /* Images.xcassets */,
				E7DE0D382344A22D00A9CBAD /* Info.plist */,
			);
			name = "Translate Menu";
			path = Quotes;
			sourceTree = "<group>";
		};
/* End PBXGroup section */

/* Begin PBXNativeTarget section */
		78A6BBCA1ADCB5EE00554D13 /* Translate Menu */ = {
			isa = PBXNativeTarget;
			buildConfigurationList = 78A6BBE51ADCB5EE00554D13 /* Build configuration list for PBXNativeTarget "Translate Menu" */;
			buildPhases = (
				78A6BBC71ADCB5EE00554D13 /* Sources */,
				78A6BBC81ADCB5EE00554D13 /* Frameworks */,
				78A6BBC91ADCB5EE00554D13 /* Resources */,
			);
			buildRules = (
			);
			dependencies = (
			);
			name = "Translate Menu";
			productName = Quotes;
			productReference = 78A6BBCB1ADCB5EE00554D13 /* Translate Menu.app */;
			productType = "com.apple.product-type.application";
		};
/* End PBXNativeTarget section */

/* Begin PBXProject section */
		78A6BBC31ADCB5EE00554D13 /* Project object */ = {
			isa = PBXProject;
			attributes = {
				LastSwiftMigration = 0720;
				LastSwiftUpdateCheck = 0720;
				LastUpgradeCheck = 1420;
				ORGANIZATIONNAME = "Adrian Moreno Peña";
				TargetAttributes = {
					78A6BBCA1ADCB5EE00554D13 = {
						CreatedOnToolsVersion = 6.3;
						DevelopmentTeam = 2VZWF2E5YD;
						ProvisioningStyle = Automatic;
					};
				};
			};
			buildConfigurationList = 78A6BBC61ADCB5EE00554D13 /* Build configuration list for PBXProject "Translate Menu" */;
			compatibilityVersion = "Xcode 3.2";
			developmentRegion = en;
			hasScannedForEncodings = 0;
			knownRegions = (
				en,
				Base,
			);
			mainGroup = 78A6BBC21ADCB5EE00554D13;
			productRefGroup = 78A6BBCC1ADCB5EE00554D13 /* Products */;
			projectDirPath = "";
			projectRoot = "";
			targets = (
				78A6BBCA1ADCB5EE00554D13 /* Translate Menu */,
			);
		};
/* End PBXProject section */

/* Begin PBXResourcesBuildPhase section */
		78A6BBC91ADCB5EE00554D13 /* Resources */ = {
			isa = PBXResourcesBuildPhase;
			buildActionMask = 2147483647;
			files = (
				0AC0CE1D1C81AEEF00305ACF /* TranslateViewController.xib in Resources */,
				0AC0CE1F1C81AEF700305ACF /* Images.xcassets in Resources */,
				E7DE0D3B2344A24C00A9CBAD /* MainMenu.xib in Resources */,
			);
			runOnlyForDeploymentPostprocessing = 0;
		};
/* End PBXResourcesBuildPhase section */

/* Begin PBXSourcesBuildPhase section */
		78A6BBC71ADCB5EE00554D13 /* Sources */ = {
			isa = PBXSourcesBuildPhase;
			buildActionMask = 2147483647;
			files = (
				0AC0CE1A1C81AEEF00305ACF /* EventMonitor.swift in Sources */,
				0AC0CE191C81AEEF00305ACF /* AppDelegate.swift in Sources */,
				0AC0CE1C1C81AEEF00305ACF /* TranslateViewController.swift in Sources */,
			);
			runOnlyForDeploymentPostprocessing = 0;
		};
/* End PBXSourcesBuildPhase section */

/* Begin XCBuildConfiguration section */
		78A6BBE31ADCB5EE00554D13 /* Debug */ = {
			isa = XCBuildConfiguration;
			buildSettings = {
				ALWAYS_SEARCH_USER_PATHS = NO;
				CLANG_ANALYZER_LOCALIZABILITY_NONLOCALIZED = YES;
				CLANG_CXX_LANGUAGE_STANDARD = "gnu++0x";
				CLANG_CXX_LIBRARY = "libc++";
				CLANG_ENABLE_MODULES = YES;
				CLANG_ENABLE_OBJC_ARC = YES;
				CLANG_WARN_BLOCK_CAPTURE_AUTORELEASING = YES;
				CLANG_WARN_BOOL_CONVERSION = YES;
				CLANG_WARN_COMMA = YES;
				CLANG_WARN_CONSTANT_CONVERSION = YES;
				CLANG_WARN_DEPRECATED_OBJC_IMPLEMENTATIONS = YES;
				CLANG_WARN_DIRECT_OBJC_ISA_USAGE = YES_ERROR;
				CLANG_WARN_EMPTY_BODY = YES;
				CLANG_WARN_ENUM_CONVERSION = YES;
				CLANG_WARN_INFINITE_RECURSION = YES;
				CLANG_WARN_INT_CONVERSION = YES;
				CLANG_WARN_NON_LITERAL_NULL_CONVERSION = YES;
				CLANG_WARN_OBJC_IMPLICIT_RETAIN_SELF = YES;
				CLANG_WARN_OBJC_LITERAL_CONVERSION = YES;
				CLANG_WARN_OBJC_ROOT_CLASS = YES_ERROR;
				CLANG_WARN_QUOTED_INCLUDE_IN_FRAMEWORK_HEADER = YES;
				CLANG_WARN_RANGE_LOOP_ANALYSIS = YES;
				CLANG_WARN_STRICT_PROTOTYPES = YES;
				CLANG_WARN_SUSPICIOUS_MOVE = YES;
				CLANG_WARN_UNREACHABLE_CODE = YES;
				CLANG_WARN__DUPLICATE_METHOD_MATCH = YES;
				CODE_SIGN_IDENTITY = "-";
				COPY_PHASE_STRIP = NO;
				DEAD_CODE_STRIPPING = YES;
				DEBUG_INFORMATION_FORMAT = dwarf;
				ENABLE_STRICT_OBJC_MSGSEND = YES;
				ENABLE_TESTABILITY = YES;
				GCC_C_LANGUAGE_STANDARD = gnu99;
				GCC_DYNAMIC_NO_PIC = NO;
				GCC_NO_COMMON_BLOCKS = YES;
				GCC_OPTIMIZATION_LEVEL = 0;
				GCC_PREPROCESSOR_DEFINITIONS = (
					"DEBUG=1",
					"$(inherited)",
				);
				GCC_SYMBOLS_PRIVATE_EXTERN = NO;
				GCC_WARN_64_TO_32_BIT_CONVERSION = YES;
				GCC_WARN_ABOUT_RETURN_TYPE = YES_ERROR;
				GCC_WARN_UNDECLARED_SELECTOR = YES;
				GCC_WARN_UNINITIALIZED_AUTOS = YES_AGGRESSIVE;
				GCC_WARN_UNUSED_FUNCTION = YES;
				GCC_WARN_UNUSED_VARIABLE = YES;
				MACOSX_DEPLOYMENT_TARGET = 10.11;
				MTL_ENABLE_DEBUG_INFO = YES;
				ONLY_ACTIVE_ARCH = YES;
				SDKROOT = macosx;
				SWIFT_OPTIMIZATION_LEVEL = "-Onone";
			};
			name = Debug;
		};
		78A6BBE41ADCB5EE00554D13 /* Release */ = {
			isa = XCBuildConfiguration;
			buildSettings = {
				ALWAYS_SEARCH_USER_PATHS = NO;
				CLANG_ANALYZER_LOCALIZABILITY_NONLOCALIZED = YES;
				CLANG_CXX_LANGUAGE_STANDARD = "gnu++0x";
				CLANG_CXX_LIBRARY = "libc++";
				CLANG_ENABLE_MODULES = YES;
				CLANG_ENABLE_OBJC_ARC = YES;
				CLANG_WARN_BLOCK_CAPTURE_AUTORELEASING = YES;
				CLANG_WARN_BOOL_CONVERSION = YES;
				CLANG_WARN_COMMA = YES;
				CLANG_WARN_CONSTANT_CONVERSION = YES;
				CLANG_WARN_DEPRECATED_OBJC_IMPLEMENTATIONS = YES;
				CLANG_WARN_DIRECT_OBJC_ISA_USAGE = YES_ERROR;
				CLANG_WARN_EMPTY_BODY = YES;
				CLANG_WARN_ENUM_CONVERSION = YES;
				CLANG_WARN_INFINITE_RECURSION = YES;
				CLANG_WARN_INT_CONVERSION = YES;
				CLANG_WARN_NON_LITERAL_NULL_CONVERSION = YES;
				CLANG_WARN_OBJC_IMPLICIT_RETAIN_SELF = YES;
				CLANG_WARN_OBJC_LITERAL_CONVERSION = YES;
				CLANG_WARN_OBJC_ROOT_CLASS = YES_ERROR;
				CLANG_WARN_QUOTED_INCLUDE_IN_FRAMEWORK_HEADER = YES;
				CLANG_WARN_RANGE_LOOP_ANALYSIS = YES;
				CLANG_WARN_STRICT_PROTOTYPES = YES;
				CLANG_WARN_SUSPICIOUS_MOVE = YES;
				CLANG_WARN_UNREACHABLE_CODE = YES;
				CLANG_WARN__DUPLICATE_METHOD_MATCH = YES;
				CODE_SIGN_IDENTITY = "-";
				COPY_PHASE_STRIP = NO;
				DEAD_CODE_STRIPPING = YES;
				DEBUG_INFORMATION_FORMAT = "dwarf-with-dsym";
				ENABLE_NS_ASSERTIONS = NO;
				ENABLE_STRICT_OBJC_MSGSEND = YES;
				GCC_C_LANGUAGE_STANDARD = gnu99;
				GCC_NO_COMMON_BLOCKS = YES;
				GCC_WARN_64_TO_32_BIT_CONVERSION = YES;
				GCC_WARN_ABOUT_RETURN_TYPE = YES_ERROR;
				GCC_WARN_UNDECLARED_SELECTOR = YES;
				GCC_WARN_UNINITIALIZED_AUTOS = YES_AGGRESSIVE;
				GCC_WARN_UNUSED_FUNCTION = YES;
				GCC_WARN_UNUSED_VARIABLE = YES;
				MACOSX_DEPLOYMENT_TARGET = 10.11;
				MTL_ENABLE_DEBUG_INFO = NO;
				SDKROOT = macosx;
				SWIFT_COMPILATION_MODE = wholemodule;
			};
			name = Release;
		};
		78A6BBE61ADCB5EE00554D13 /* Debug */ = {
			isa = XCBuildConfiguration;
			buildSettings = {
				ASSETCATALOG_COMPILER_APPICON_NAME = AppIcon;
				CODE_SIGN_IDENTITY = "-";
				CODE_SIGN_STYLE = Automatic;
				COMBINE_HIDPI_IMAGES = YES;
				DEAD_CODE_STRIPPING = YES;
				DEVELOPMENT_TEAM = 2VZWF2E5YD;
				INFOPLIST_FILE = "Translate Menu/Info.plist";
				LD_RUNPATH_SEARCH_PATHS = "$(inherited) @executable_path/../Frameworks";
				MACOSX_DEPLOYMENT_TARGET = "$(RECOMMENDED_MACOSX_DEPLOYMENT_TARGET)";
				MARKETING_VERSION = 1.1.1;
				PRODUCT_BUNDLE_IDENTIFIER = "info.adrianmoreno.Translate-Menu";
				PRODUCT_NAME = "Translate Menu";
				PROVISIONING_PROFILE_SPECIFIER = "";
				SWIFT_VERSION = 5.0;
			};
			name = Debug;
		};
		78A6BBE71ADCB5EE00554D13 /* Release */ = {
			isa = XCBuildConfiguration;
			buildSettings = {
				ASSETCATALOG_COMPILER_APPICON_NAME = AppIcon;
				CODE_SIGN_IDENTITY = "-";
				CODE_SIGN_STYLE = Automatic;
				COMBINE_HIDPI_IMAGES = YES;
				DEAD_CODE_STRIPPING = YES;
				DEVELOPMENT_TEAM = 2VZWF2E5YD;
				INFOPLIST_FILE = "Translate Menu/Info.plist";
				LD_RUNPATH_SEARCH_PATHS = "$(inherited) @executable_path/../Frameworks";
				MACOSX_DEPLOYMENT_TARGET = "$(RECOMMENDED_MACOSX_DEPLOYMENT_TARGET)";
				MARKETING_VERSION = 1.1.1;
				PRODUCT_BUNDLE_IDENTIFIER = "info.adrianmoreno.Translate-Menu";
				PRODUCT_NAME = "Translate Menu";
				PROVISIONING_PROFILE_SPECIFIER = "";
				SWIFT_VERSION = 5.0;
			};
			name = Release;
		};
/* End XCBuildConfiguration section */

/* Begin XCConfigurationList section */
		78A6BBC61ADCB5EE00554D13 /* Build configuration list for PBXProject "Translate Menu" */ = {
			isa = XCConfigurationList;
			buildConfigurations = (
				78A6BBE31ADCB5EE00554D13 /* Debug */,
				78A6BBE41ADCB5EE00554D13 /* Release */,
			);
			defaultConfigurationIsVisible = 0;
			defaultConfigurationName = Release;
		};
		78A6BBE51ADCB5EE00554D13 /* Build configuration list for PBXNativeTarget "Translate Menu" */ = {
			isa = XCConfigurationList;
			buildConfigurations = (
				78A6BBE61ADCB5EE00554D13 /* Debug */,
				78A6BBE71ADCB5EE00554D13 /* Release */,
			);
			defaultConfigurationIsVisible = 0;
			defaultConfigurationName = Release;
		};
/* End XCConfigurationList section */
	};
	rootObject = 78A6BBC31ADCB5EE00554D13 /* Project object */;
}
